// !$*UTF8*$!
{
	archiveVersion = 1;
	classes = {
	};
	objectVersion = 55;
	objects = {

/* Begin PBXBuildFile section */
		70D7BDE44391E212F156F1A2 /* libPods-example integration.a in Frameworks */ = {isa = PBXBuildFile; fileRef = A4C2CEF546F9B2E088329338 /* libPods-example integration.a */; };
		8482CC192ABDA04600FE3624 /* MockDB.swift in Sources */ = {isa = PBXBuildFile; fileRef = 8482CC182ABDA04600FE3624 /* MockDB.swift */; };
		8482CC262ABDB7DD00FE3624 /* REST.m in Sources */ = {isa = PBXBuildFile; fileRef = 8482CC252ABDB7DD00FE3624 /* REST.m */; };
		848539A32A67C79400632F77 /* NonFullscreenViewController.swift in Sources */ = {isa = PBXBuildFile; fileRef = 848539A22A67C79400632F77 /* NonFullscreenViewController.swift */; };
		84B9AC942A5EF39A00B922F2 /* AppDelegate.swift in Sources */ = {isa = PBXBuildFile; fileRef = 84B9AC932A5EF39A00B922F2 /* AppDelegate.swift */; };
		84B9AC962A5EF39A00B922F2 /* SceneDelegate.swift in Sources */ = {isa = PBXBuildFile; fileRef = 84B9AC952A5EF39A00B922F2 /* SceneDelegate.swift */; };
		84B9AC982A5EF39A00B922F2 /* FullscreenViewController.swift in Sources */ = {isa = PBXBuildFile; fileRef = 84B9AC972A5EF39A00B922F2 /* FullscreenViewController.swift */; };
		84B9AC9B2A5EF39A00B922F2 /* Main.storyboard in Resources */ = {isa = PBXBuildFile; fileRef = 84B9AC992A5EF39A00B922F2 /* Main.storyboard */; };
		84B9AC9D2A5EF39F00B922F2 /* Assets.xcassets in Resources */ = {isa = PBXBuildFile; fileRef = 84B9AC9C2A5EF39F00B922F2 /* Assets.xcassets */; };
		84B9ACA02A5EF39F00B922F2 /* LaunchScreen.storyboard in Resources */ = {isa = PBXBuildFile; fileRef = 84B9AC9E2A5EF39F00B922F2 /* LaunchScreen.storyboard */; };
/* End PBXBuildFile section */

/* Begin PBXFileReference section */
		023E17A71E77E08F5A250E3F /* Pods-example integration.release.xcconfig */ = {isa = PBXFileReference; includeInIndex = 1; lastKnownFileType = text.xcconfig; name = "Pods-example integration.release.xcconfig"; path = "Target Support Files/Pods-example integration/Pods-example integration.release.xcconfig"; sourceTree = "<group>"; };
		8482CC182ABDA04600FE3624 /* MockDB.swift */ = {isa = PBXFileReference; lastKnownFileType = sourcecode.swift; path = MockDB.swift; sourceTree = "<group>"; };
		8482CC242ABDB7DC00FE3624 /* example_integration-Bridging-Header.h */ = {isa = PBXFileReference; lastKnownFileType = sourcecode.c.h; path = "example_integration-Bridging-Header.h"; sourceTree = "<group>"; };
		8482CC252ABDB7DD00FE3624 /* REST.m */ = {isa = PBXFileReference; lastKnownFileType = sourcecode.c.objc; path = REST.m; sourceTree = "<group>"; };
		8482CC272ABDB81C00FE3624 /* REST.h */ = {isa = PBXFileReference; lastKnownFileType = sourcecode.c.h; path = REST.h; sourceTree = "<group>"; };
		848539A22A67C79400632F77 /* NonFullscreenViewController.swift */ = {isa = PBXFileReference; lastKnownFileType = sourcecode.swift; path = NonFullscreenViewController.swift; sourceTree = "<group>"; };
		84B9AC902A5EF39A00B922F2 /* example integration.app */ = {isa = PBXFileReference; explicitFileType = wrapper.application; includeInIndex = 0; path = "example integration.app"; sourceTree = BUILT_PRODUCTS_DIR; };
		84B9AC932A5EF39A00B922F2 /* AppDelegate.swift */ = {isa = PBXFileReference; lastKnownFileType = sourcecode.swift; path = AppDelegate.swift; sourceTree = "<group>"; };
		84B9AC952A5EF39A00B922F2 /* SceneDelegate.swift */ = {isa = PBXFileReference; lastKnownFileType = sourcecode.swift; path = SceneDelegate.swift; sourceTree = "<group>"; };
		84B9AC972A5EF39A00B922F2 /* FullscreenViewController.swift */ = {isa = PBXFileReference; lastKnownFileType = sourcecode.swift; path = FullscreenViewController.swift; sourceTree = "<group>"; };
		84B9AC9A2A5EF39A00B922F2 /* Base */ = {isa = PBXFileReference; lastKnownFileType = file.storyboard; name = Base; path = Base.lproj/Main.storyboard; sourceTree = "<group>"; };
		84B9AC9C2A5EF39F00B922F2 /* Assets.xcassets */ = {isa = PBXFileReference; lastKnownFileType = folder.assetcatalog; path = Assets.xcassets; sourceTree = "<group>"; };
		84B9AC9F2A5EF39F00B922F2 /* Base */ = {isa = PBXFileReference; lastKnownFileType = file.storyboard; name = Base; path = Base.lproj/LaunchScreen.storyboard; sourceTree = "<group>"; };
		84B9ACA12A5EF39F00B922F2 /* Info.plist */ = {isa = PBXFileReference; lastKnownFileType = text.plist.xml; path = Info.plist; sourceTree = "<group>"; };
		A4C2CEF546F9B2E088329338 /* libPods-example integration.a */ = {isa = PBXFileReference; explicitFileType = archive.ar; includeInIndex = 0; path = "libPods-example integration.a"; sourceTree = BUILT_PRODUCTS_DIR; };
		D3028DCC8D095F870E54812A /* Pods-example integration.debug.xcconfig */ = {isa = PBXFileReference; includeInIndex = 1; lastKnownFileType = text.xcconfig; name = "Pods-example integration.debug.xcconfig"; path = "Target Support Files/Pods-example integration/Pods-example integration.debug.xcconfig"; sourceTree = "<group>"; };
/* End PBXFileReference section */

/* Begin PBXFrameworksBuildPhase section */
		84B9AC8D2A5EF39A00B922F2 /* Frameworks */ = {
			isa = PBXFrameworksBuildPhase;
			buildActionMask = 2147483647;
			files = (
				70D7BDE44391E212F156F1A2 /* libPods-example integration.a in Frameworks */,
			);
			runOnlyForDeploymentPostprocessing = 0;
		};
/* End PBXFrameworksBuildPhase section */

/* Begin PBXGroup section */
		182C13F1953D1927860402BF /* Pods */ = {
			isa = PBXGroup;
			children = (
				D3028DCC8D095F870E54812A /* Pods-example integration.debug.xcconfig */,
				023E17A71E77E08F5A250E3F /* Pods-example integration.release.xcconfig */,
			);
			path = Pods;
			sourceTree = "<group>";
		};
		505F3BDCCB4050863288100A /* Frameworks */ = {
			isa = PBXGroup;
			children = (
				A4C2CEF546F9B2E088329338 /* libPods-example integration.a */,
			);
			name = Frameworks;
			sourceTree = "<group>";
		};
		84B9AC872A5EF39A00B922F2 = {
			isa = PBXGroup;
			children = (
				84B9AC922A5EF39A00B922F2 /* example integration */,
				84B9AC912A5EF39A00B922F2 /* Products */,
				182C13F1953D1927860402BF /* Pods */,
				505F3BDCCB4050863288100A /* Frameworks */,
			);
			sourceTree = "<group>";
		};
		84B9AC912A5EF39A00B922F2 /* Products */ = {
			isa = PBXGroup;
			children = (
				84B9AC902A5EF39A00B922F2 /* example integration.app */,
			);
			name = Products;
			sourceTree = "<group>";
		};
		84B9AC922A5EF39A00B922F2 /* example integration */ = {
			isa = PBXGroup;
			children = (
				84B9AC932A5EF39A00B922F2 /* AppDelegate.swift */,
				84B9AC952A5EF39A00B922F2 /* SceneDelegate.swift */,
				84B9AC972A5EF39A00B922F2 /* FullscreenViewController.swift */,
				84B9AC992A5EF39A00B922F2 /* Main.storyboard */,
				848539A22A67C79400632F77 /* NonFullscreenViewController.swift */,
				84B9AC9C2A5EF39F00B922F2 /* Assets.xcassets */,
				84B9AC9E2A5EF39F00B922F2 /* LaunchScreen.storyboard */,
				84B9ACA12A5EF39F00B922F2 /* Info.plist */,
				8482CC182ABDA04600FE3624 /* MockDB.swift */,
				8482CC252ABDB7DD00FE3624 /* REST.m */,
				8482CC242ABDB7DC00FE3624 /* example_integration-Bridging-Header.h */,
				8482CC272ABDB81C00FE3624 /* REST.h */,
			);
			path = "example integration";
			sourceTree = "<group>";
		};
/* End PBXGroup section */

/* Begin PBXNativeTarget section */
		84B9AC8F2A5EF39A00B922F2 /* example integration */ = {
			isa = PBXNativeTarget;
			buildConfigurationList = 84B9ACA42A5EF39F00B922F2 /* Build configuration list for PBXNativeTarget "example integration" */;
			buildPhases = (
				A9F7A928C1BB79168A0FDA97 /* [CP] Check Pods Manifest.lock */,
				84B9AC8C2A5EF39A00B922F2 /* Sources */,
				84B9AC8D2A5EF39A00B922F2 /* Frameworks */,
				84B9AC8E2A5EF39A00B922F2 /* Resources */,
				117DC3019B99686E35844046 /* [CP] Embed Pods Frameworks */,
				1B867C09829AA0CC39D798F0 /* [CP] Copy Pods Resources */,
				8418E8A12ABD89E300F8472A /* Bundle React Native code */,
			);
			buildRules = (
			);
			dependencies = (
			);
			name = "example integration";
			productName = "example integration";
			productReference = 84B9AC902A5EF39A00B922F2 /* example integration.app */;
			productType = "com.apple.product-type.application";
		};
/* End PBXNativeTarget section */

/* Begin PBXProject section */
		84B9AC882A5EF39A00B922F2 /* Project object */ = {
			isa = PBXProject;
			attributes = {
				BuildIndependentTargetsInParallel = 1;
				LastSwiftUpdateCheck = 1320;
				LastUpgradeCheck = 1320;
				TargetAttributes = {
					84B9AC8F2A5EF39A00B922F2 = {
						CreatedOnToolsVersion = 13.2.1;
						LastSwiftMigration = 1320;
					};
				};
			};
			buildConfigurationList = 84B9AC8B2A5EF39A00B922F2 /* Build configuration list for PBXProject "example integration" */;
			compatibilityVersion = "Xcode 13.0";
			developmentRegion = en;
			hasScannedForEncodings = 0;
			knownRegions = (
				en,
				Base,
			);
			mainGroup = 84B9AC872A5EF39A00B922F2;
			productRefGroup = 84B9AC912A5EF39A00B922F2 /* Products */;
			projectDirPath = "";
			projectRoot = "";
			targets = (
				84B9AC8F2A5EF39A00B922F2 /* example integration */,
			);
		};
/* End PBXProject section */

/* Begin PBXResourcesBuildPhase section */
		84B9AC8E2A5EF39A00B922F2 /* Resources */ = {
			isa = PBXResourcesBuildPhase;
			buildActionMask = 2147483647;
			files = (
				84B9ACA02A5EF39F00B922F2 /* LaunchScreen.storyboard in Resources */,
				84B9AC9D2A5EF39F00B922F2 /* Assets.xcassets in Resources */,
				84B9AC9B2A5EF39A00B922F2 /* Main.storyboard in Resources */,
			);
			runOnlyForDeploymentPostprocessing = 0;
		};
/* End PBXResourcesBuildPhase section */

/* Begin PBXShellScriptBuildPhase section */
		117DC3019B99686E35844046 /* [CP] Embed Pods Frameworks */ = {
			isa = PBXShellScriptBuildPhase;
			buildActionMask = 2147483647;
			files = (
			);
			inputFileListPaths = (
				"${PODS_ROOT}/Target Support Files/Pods-example integration/Pods-example integration-frameworks-${CONFIGURATION}-input-files.xcfilelist",
			);
			name = "[CP] Embed Pods Frameworks";
			outputFileListPaths = (
				"${PODS_ROOT}/Target Support Files/Pods-example integration/Pods-example integration-frameworks-${CONFIGURATION}-output-files.xcfilelist",
			);
			runOnlyForDeploymentPostprocessing = 0;
			shellPath = /bin/sh;
			shellScript = "\"${PODS_ROOT}/Target Support Files/Pods-example integration/Pods-example integration-frameworks.sh\"\n";
			showEnvVarsInLog = 0;
		};
		1B867C09829AA0CC39D798F0 /* [CP] Copy Pods Resources */ = {
			isa = PBXShellScriptBuildPhase;
			buildActionMask = 2147483647;
			files = (
			);
			inputFileListPaths = (
				"${PODS_ROOT}/Target Support Files/Pods-example integration/Pods-example integration-resources-${CONFIGURATION}-input-files.xcfilelist",
			);
			name = "[CP] Copy Pods Resources";
			outputFileListPaths = (
				"${PODS_ROOT}/Target Support Files/Pods-example integration/Pods-example integration-resources-${CONFIGURATION}-output-files.xcfilelist",
			);
			runOnlyForDeploymentPostprocessing = 0;
			shellPath = /bin/sh;
			shellScript = "\"${PODS_ROOT}/Target Support Files/Pods-example integration/Pods-example integration-resources.sh\"\n";
			showEnvVarsInLog = 0;
		};
		8418E8A12ABD89E300F8472A /* Bundle React Native code */ = {
			isa = PBXShellScriptBuildPhase;
			buildActionMask = 2147483647;
			files = (
			);
			inputFileListPaths = (
			);
			inputPaths = (
			);
			name = "Bundle React Native code";
			outputFileListPaths = (
			);
			outputPaths = (
			);
			runOnlyForDeploymentPostprocessing = 0;
			shellPath = /bin/sh;
			shellScript = "cd $PROJECT_DIR/..\nexport NODE_BINARY=node\n./node_modules/react-native/scripts/react-native-xcode.sh\n";
		};
		A9F7A928C1BB79168A0FDA97 /* [CP] Check Pods Manifest.lock */ = {
			isa = PBXShellScriptBuildPhase;
			buildActionMask = 2147483647;
			files = (
			);
			inputFileListPaths = (
			);
			inputPaths = (
				"${PODS_PODFILE_DIR_PATH}/Podfile.lock",
				"${PODS_ROOT}/Manifest.lock",
			);
			name = "[CP] Check Pods Manifest.lock";
			outputFileListPaths = (
			);
			outputPaths = (
				"$(DERIVED_FILE_DIR)/Pods-example integration-checkManifestLockResult.txt",
			);
			runOnlyForDeploymentPostprocessing = 0;
			shellPath = /bin/sh;
			shellScript = "diff \"${PODS_PODFILE_DIR_PATH}/Podfile.lock\" \"${PODS_ROOT}/Manifest.lock\" > /dev/null\nif [ $? != 0 ] ; then\n    # print error to STDERR\n    echo \"error: The sandbox is not in sync with the Podfile.lock. Run 'pod install' or update your CocoaPods installation.\" >&2\n    exit 1\nfi\n# This output is used by Xcode 'outputs' to avoid re-running this script phase.\necho \"SUCCESS\" > \"${SCRIPT_OUTPUT_FILE_0}\"\n";
			showEnvVarsInLog = 0;
		};
/* End PBXShellScriptBuildPhase section */

/* Begin PBXSourcesBuildPhase section */
		84B9AC8C2A5EF39A00B922F2 /* Sources */ = {
			isa = PBXSourcesBuildPhase;
			buildActionMask = 2147483647;
			files = (
				84B9AC982A5EF39A00B922F2 /* FullscreenViewController.swift in Sources */,
				84B9AC942A5EF39A00B922F2 /* AppDelegate.swift in Sources */,
				848539A32A67C79400632F77 /* NonFullscreenViewController.swift in Sources */,
				8482CC262ABDB7DD00FE3624 /* REST.m in Sources */,
				8482CC192ABDA04600FE3624 /* MockDB.swift in Sources */,
				84B9AC962A5EF39A00B922F2 /* SceneDelegate.swift in Sources */,
			);
			runOnlyForDeploymentPostprocessing = 0;
		};
/* End PBXSourcesBuildPhase section */

/* Begin PBXVariantGroup section */
		84B9AC992A5EF39A00B922F2 /* Main.storyboard */ = {
			isa = PBXVariantGroup;
			children = (
				84B9AC9A2A5EF39A00B922F2 /* Base */,
			);
			name = Main.storyboard;
			sourceTree = "<group>";
		};
		84B9AC9E2A5EF39F00B922F2 /* LaunchScreen.storyboard */ = {
			isa = PBXVariantGroup;
			children = (
				84B9AC9F2A5EF39F00B922F2 /* Base */,
			);
			name = LaunchScreen.storyboard;
			sourceTree = "<group>";
		};
/* End PBXVariantGroup section */

/* Begin XCBuildConfiguration section */
		84B9ACA22A5EF39F00B922F2 /* Debug */ = {
			isa = XCBuildConfiguration;
			buildSettings = {
				ALWAYS_SEARCH_USER_PATHS = NO;
				CLANG_ANALYZER_NONNULL = YES;
				CLANG_ANALYZER_NUMBER_OBJECT_CONVERSION = YES_AGGRESSIVE;
				CLANG_CXX_LANGUAGE_STANDARD = "c++17";
				CLANG_CXX_LIBRARY = "libc++";
				CLANG_ENABLE_MODULES = YES;
				CLANG_ENABLE_OBJC_ARC = YES;
				CLANG_ENABLE_OBJC_WEAK = YES;
				CLANG_WARN_BLOCK_CAPTURE_AUTORELEASING = YES;
				CLANG_WARN_BOOL_CONVERSION = YES;
				CLANG_WARN_COMMA = YES;
				CLANG_WARN_CONSTANT_CONVERSION = YES;
				CLANG_WARN_DEPRECATED_OBJC_IMPLEMENTATIONS = YES;
				CLANG_WARN_DIRECT_OBJC_ISA_USAGE = YES_ERROR;
				CLANG_WARN_DOCUMENTATION_COMMENTS = YES;
				CLANG_WARN_EMPTY_BODY = YES;
				CLANG_WARN_ENUM_CONVERSION = YES;
				CLANG_WARN_INFINITE_RECURSION = YES;
				CLANG_WARN_INT_CONVERSION = YES;
				CLANG_WARN_NON_LITERAL_NULL_CONVERSION = YES;
				CLANG_WARN_OBJC_IMPLICIT_RETAIN_SELF = YES;
				CLANG_WARN_OBJC_LITERAL_CONVERSION = YES;
				CLANG_WARN_OBJC_ROOT_CLASS = YES_ERROR;
				CLANG_WARN_QUOTED_INCLUDE_IN_FRAMEWORK_HEADER = YES;
				CLANG_WARN_RANGE_LOOP_ANALYSIS = YES;
				CLANG_WARN_STRICT_PROTOTYPES = YES;
				CLANG_WARN_SUSPICIOUS_MOVE = YES;
				CLANG_WARN_UNGUARDED_AVAILABILITY = YES_AGGRESSIVE;
				CLANG_WARN_UNREACHABLE_CODE = YES;
				CLANG_WARN__DUPLICATE_METHOD_MATCH = YES;
				COPY_PHASE_STRIP = NO;
				DEBUG_INFORMATION_FORMAT = dwarf;
				ENABLE_STRICT_OBJC_MSGSEND = YES;
				ENABLE_TESTABILITY = YES;
				"EXCLUDED_ARCHS[sdk=iphonesimulator*]" = i386;
				GCC_C_LANGUAGE_STANDARD = gnu11;
				GCC_DYNAMIC_NO_PIC = NO;
				GCC_NO_COMMON_BLOCKS = YES;
				GCC_OPTIMIZATION_LEVEL = 0;
				GCC_PREPROCESSOR_DEFINITIONS = (
					"DEBUG=1",
					"$(inherited)",
				);
				GCC_WARN_64_TO_32_BIT_CONVERSION = YES;
				GCC_WARN_ABOUT_RETURN_TYPE = YES_ERROR;
				GCC_WARN_UNDECLARED_SELECTOR = YES;
				GCC_WARN_UNINITIALIZED_AUTOS = YES_AGGRESSIVE;
				GCC_WARN_UNUSED_FUNCTION = YES;
				GCC_WARN_UNUSED_VARIABLE = YES;
				HEADER_SEARCH_PATHS = (
					"$(inherited)",
					"${PODS_CONFIGURATION_BUILD_DIR}/ReactCommon-Samples/ReactCommon_Samples.framework/Headers",
					"${PODS_CONFIGURATION_BUILD_DIR}/ReactCommon/ReactCommon.framework/Headers/react/nativemodule/core",
					"${PODS_CONFIGURATION_BUILD_DIR}/ReactCommon-Samples/ReactCommon_Samples.framework/Headers/platform/ios",
					"${PODS_CONFIGURATION_BUILD_DIR}/React-NativeModulesApple/React_NativeModulesApple.framework/Headers",
					"${PODS_CONFIGURATION_BUILD_DIR}/React-graphics/React_graphics.framework/Headers/react/renderer/graphics/platform/ios",
				);
				IPHONEOS_DEPLOYMENT_TARGET = 15.2;
				MTL_ENABLE_DEBUG_INFO = INCLUDE_SOURCE;
				MTL_FAST_MATH = YES;
				ONLY_ACTIVE_ARCH = YES;
				OTHER_CFLAGS = "$(inherited)  ";
				OTHER_CPLUSPLUSFLAGS = "$(inherited)  ";
				REACT_NATIVE_PATH = "${PODS_ROOT}/../../node_modules/react-native";
				SDKROOT = iphoneos;
				SWIFT_ACTIVE_COMPILATION_CONDITIONS = DEBUG;
				SWIFT_OPTIMIZATION_LEVEL = "-Onone";
			};
			name = Debug;
		};
		84B9ACA32A5EF39F00B922F2 /* Release */ = {
			isa = XCBuildConfiguration;
			buildSettings = {
				ALWAYS_SEARCH_USER_PATHS = NO;
				CLANG_ANALYZER_NONNULL = YES;
				CLANG_ANALYZER_NUMBER_OBJECT_CONVERSION = YES_AGGRESSIVE;
				CLANG_CXX_LANGUAGE_STANDARD = "c++17";
				CLANG_CXX_LIBRARY = "libc++";
				CLANG_ENABLE_MODULES = YES;
				CLANG_ENABLE_OBJC_ARC = YES;
				CLANG_ENABLE_OBJC_WEAK = YES;
				CLANG_WARN_BLOCK_CAPTURE_AUTORELEASING = YES;
				CLANG_WARN_BOOL_CONVERSION = YES;
				CLANG_WARN_COMMA = YES;
				CLANG_WARN_CONSTANT_CONVERSION = YES;
				CLANG_WARN_DEPRECATED_OBJC_IMPLEMENTATIONS = YES;
				CLANG_WARN_DIRECT_OBJC_ISA_USAGE = YES_ERROR;
				CLANG_WARN_DOCUMENTATION_COMMENTS = YES;
				CLANG_WARN_EMPTY_BODY = YES;
				CLANG_WARN_ENUM_CONVERSION = YES;
				CLANG_WARN_INFINITE_RECURSION = YES;
				CLANG_WARN_INT_CONVERSION = YES;
				CLANG_WARN_NON_LITERAL_NULL_CONVERSION = YES;
				CLANG_WARN_OBJC_IMPLICIT_RETAIN_SELF = YES;
				CLANG_WARN_OBJC_LITERAL_CONVERSION = YES;
				CLANG_WARN_OBJC_ROOT_CLASS = YES_ERROR;
				CLANG_WARN_QUOTED_INCLUDE_IN_FRAMEWORK_HEADER = YES;
				CLANG_WARN_RANGE_LOOP_ANALYSIS = YES;
				CLANG_WARN_STRICT_PROTOTYPES = YES;
				CLANG_WARN_SUSPICIOUS_MOVE = YES;
				CLANG_WARN_UNGUARDED_AVAILABILITY = YES_AGGRESSIVE;
				CLANG_WARN_UNREACHABLE_CODE = YES;
				CLANG_WARN__DUPLICATE_METHOD_MATCH = YES;
				COPY_PHASE_STRIP = NO;
				DEBUG_INFORMATION_FORMAT = "dwarf-with-dsym";
				ENABLE_NS_ASSERTIONS = NO;
				ENABLE_STRICT_OBJC_MSGSEND = YES;
				"EXCLUDED_ARCHS[sdk=iphonesimulator*]" = i386;
				GCC_C_LANGUAGE_STANDARD = gnu11;
				GCC_NO_COMMON_BLOCKS = YES;
				GCC_WARN_64_TO_32_BIT_CONVERSION = YES;
				GCC_WARN_ABOUT_RETURN_TYPE = YES_ERROR;
				GCC_WARN_UNDECLARED_SELECTOR = YES;
				GCC_WARN_UNINITIALIZED_AUTOS = YES_AGGRESSIVE;
				GCC_WARN_UNUSED_FUNCTION = YES;
				GCC_WARN_UNUSED_VARIABLE = YES;
				HEADER_SEARCH_PATHS = (
					"$(inherited)",
					"${PODS_CONFIGURATION_BUILD_DIR}/ReactCommon-Samples/ReactCommon_Samples.framework/Headers",
					"${PODS_CONFIGURATION_BUILD_DIR}/ReactCommon/ReactCommon.framework/Headers/react/nativemodule/core",
					"${PODS_CONFIGURATION_BUILD_DIR}/ReactCommon-Samples/ReactCommon_Samples.framework/Headers/platform/ios",
					"${PODS_CONFIGURATION_BUILD_DIR}/React-NativeModulesApple/React_NativeModulesApple.framework/Headers",
					"${PODS_CONFIGURATION_BUILD_DIR}/React-graphics/React_graphics.framework/Headers/react/renderer/graphics/platform/ios",
				);
				IPHONEOS_DEPLOYMENT_TARGET = 15.2;
				MTL_ENABLE_DEBUG_INFO = NO;
				MTL_FAST_MATH = YES;
				OTHER_CFLAGS = "$(inherited)  ";
				OTHER_CPLUSPLUSFLAGS = "$(inherited)  ";
				REACT_NATIVE_PATH = "${PODS_ROOT}/../../node_modules/react-native";
				SDKROOT = iphoneos;
				SWIFT_COMPILATION_MODE = wholemodule;
				SWIFT_OPTIMIZATION_LEVEL = "-O";
				VALIDATE_PRODUCT = YES;
			};
			name = Release;
		};
		84B9ACA52A5EF39F00B922F2 /* Debug */ = {
			isa = XCBuildConfiguration;
			baseConfigurationReference = D3028DCC8D095F870E54812A /* Pods-example integration.debug.xcconfig */;
			buildSettings = {
				ASSETCATALOG_COMPILER_APPICON_NAME = AppIcon;
				ASSETCATALOG_COMPILER_GLOBAL_ACCENT_COLOR_NAME = AccentColor;
				CLANG_ENABLE_MODULES = YES;
				CODE_SIGN_STYLE = Automatic;
				CURRENT_PROJECT_VERSION = 1;
				DEVELOPMENT_TEAM = 7ZST4X555J;
				GENERATE_INFOPLIST_FILE = YES;
				INFOPLIST_FILE = "example integration/Info.plist";
				INFOPLIST_KEY_UIApplicationSupportsIndirectInputEvents = YES;
				INFOPLIST_KEY_UILaunchStoryboardName = LaunchScreen;
				INFOPLIST_KEY_UIMainStoryboardFile = Main;
				INFOPLIST_KEY_UISupportedInterfaceOrientations_iPad = "UIInterfaceOrientationPortrait UIInterfaceOrientationPortraitUpsideDown UIInterfaceOrientationLandscapeLeft UIInterfaceOrientationLandscapeRight";
				INFOPLIST_KEY_UISupportedInterfaceOrientations_iPhone = "UIInterfaceOrientationPortrait UIInterfaceOrientationLandscapeLeft UIInterfaceOrientationLandscapeRight";
				LD_RUNPATH_SEARCH_PATHS = (
					"$(inherited)",
					"@executable_path/Frameworks",
				);
				MARKETING_VERSION = 1.0;
				PRODUCT_BUNDLE_IDENTIFIER = com.flodoerr.exampleintegration;
				PRODUCT_NAME = "$(TARGET_NAME)";
				SWIFT_EMIT_LOC_STRINGS = YES;
				SWIFT_OBJC_BRIDGING_HEADER = "example integration/example_integration-Bridging-Header.h";
				SWIFT_OPTIMIZATION_LEVEL = "-Onone";
				SWIFT_VERSION = 5.0;
				TARGETED_DEVICE_FAMILY = "1,2";
			};
			name = Debug;
		};
		84B9ACA62A5EF39F00B922F2 /* Release */ = {
			isa = XCBuildConfiguration;
			baseConfigurationReference = 023E17A71E77E08F5A250E3F /* Pods-example integration.release.xcconfig */;
			buildSettings = {
				ASSETCATALOG_COMPILER_APPICON_NAME = AppIcon;
				ASSETCATALOG_COMPILER_GLOBAL_ACCENT_COLOR_NAME = AccentColor;
				CLANG_ENABLE_MODULES = YES;
				CODE_SIGN_STYLE = Automatic;
				CURRENT_PROJECT_VERSION = 1;
				DEVELOPMENT_TEAM = 7ZST4X555J;
				GENERATE_INFOPLIST_FILE = YES;
				INFOPLIST_FILE = "example integration/Info.plist";
				INFOPLIST_KEY_UIApplicationSupportsIndirectInputEvents = YES;
				INFOPLIST_KEY_UILaunchStoryboardName = LaunchScreen;
				INFOPLIST_KEY_UIMainStoryboardFile = Main;
				INFOPLIST_KEY_UISupportedInterfaceOrientations_iPad = "UIInterfaceOrientationPortrait UIInterfaceOrientationPortraitUpsideDown UIInterfaceOrientationLandscapeLeft UIInterfaceOrientationLandscapeRight";
				INFOPLIST_KEY_UISupportedInterfaceOrientations_iPhone = "UIInterfaceOrientationPortrait UIInterfaceOrientationLandscapeLeft UIInterfaceOrientationLandscapeRight";
				LD_RUNPATH_SEARCH_PATHS = (
					"$(inherited)",
					"@executable_path/Frameworks",
				);
				MARKETING_VERSION = 1.0;
				PRODUCT_BUNDLE_IDENTIFIER = com.flodoerr.exampleintegration;
				PRODUCT_NAME = "$(TARGET_NAME)";
				SWIFT_EMIT_LOC_STRINGS = YES;
				SWIFT_OBJC_BRIDGING_HEADER = "example integration/example_integration-Bridging-Header.h";
				SWIFT_VERSION = 5.0;
				TARGETED_DEVICE_FAMILY = "1,2";
			};
			name = Release;
		};
/* End XCBuildConfiguration section */

/* Begin XCConfigurationList section */
		84B9AC8B2A5EF39A00B922F2 /* Build configuration list for PBXProject "example integration" */ = {
			isa = XCConfigurationList;
			buildConfigurations = (
				84B9ACA22A5EF39F00B922F2 /* Debug */,
				84B9ACA32A5EF39F00B922F2 /* Release */,
			);
			defaultConfigurationIsVisible = 0;
			defaultConfigurationName = Release;
		};
		84B9ACA42A5EF39F00B922F2 /* Build configuration list for PBXNativeTarget "example integration" */ = {
			isa = XCConfigurationList;
			buildConfigurations = (
				84B9ACA52A5EF39F00B922F2 /* Debug */,
				84B9ACA62A5EF39F00B922F2 /* Release */,
			);
			defaultConfigurationIsVisible = 0;
			defaultConfigurationName = Release;
		};
/* End XCConfigurationList section */
	};
	rootObject = 84B9AC882A5EF39A00B922F2 /* Project object */;
}
